
Microsoft Visual Studio Solution File, Format Version 12.00
# Visual Studio Version 17
VisualStudioVersion = 17.11.35208.52
MinimumVisualStudioVersion = 10.0.40219.1
Project("{FAE04EC0-301F-11D3-BF4B-00C04F79EFBC}") = "Blog.MVC", "Blog.MVC.csproj", "{697C8760-A361-4B43-8992-BBED4EC880EE}"
EndProject
Global
	GlobalSection(SolutionConfigurationPlatforms) = preSolution
		Debug|Any CPU = Debug|Any CPU
		Release|Any CPU = Release|Any CPU
	EndGlobalSection
	GlobalSection(ProjectConfigurationPlatforms) = postSolution
		{697C8760-A361-4B43-8992-BBED4EC880EE}.Debug|Any CPU.ActiveCfg = Debug|Any CPU
		{697C8760-A361-4B43-8992-BBED4EC880EE}.Debug|Any CPU.Build.0 = Debug|Any CPU
		{697C8760-A361-4B43-8992-BBED4EC880EE}.Release|Any CPU.ActiveCfg = Release|Any CPU
		{697C8760-A361-4B43-8992-BBED4EC880EE}.Release|Any CPU.Build.0 = Release|Any CPU
	EndGlobalSection
	GlobalSection(SolutionProperties) = preSolution
		HideSolutionNode = FALSE
	EndGlobalSection
	GlobalSection(ExtensibilityGlobals) = postSolution
		SolutionGuid = {81789B97-B493-4365-93C9-A649040DB0FE}
	EndGlobalSection
EndGlobal
